// !$*UTF8*$!
{
	archiveVersion = 1;
	classes = {
	};
	objectVersion = 51;
	objects = {

/* Begin PBXBuildFile section */
		C512071124E9213D006DF487 /* LoginViewController.swift in Sources */ = {isa = PBXBuildFile; fileRef = C512071024E9213D006DF487 /* LoginViewController.swift */; };
		C512071424E92166006DF487 /* RegisterViewController.swift in Sources */ = {isa = PBXBuildFile; fileRef = C512071324E92166006DF487 /* RegisterViewController.swift */; };
		C512071724E921A4006DF487 /* PhotoViewerViewController.swift in Sources */ = {isa = PBXBuildFile; fileRef = C512071624E921A4006DF487 /* PhotoViewerViewController.swift */; };
		C512071924E921BF006DF487 /* VideoPlayerViewController.swift in Sources */ = {isa = PBXBuildFile; fileRef = C512071824E921BF006DF487 /* VideoPlayerViewController.swift */; };
		C512071C24E921FB006DF487 /* NewConversationViewController.swift in Sources */ = {isa = PBXBuildFile; fileRef = C512071B24E921FB006DF487 /* NewConversationViewController.swift */; };
		C512071E24E92235006DF487 /* ProfileViewController.swift in Sources */ = {isa = PBXBuildFile; fileRef = C512071D24E92235006DF487 /* ProfileViewController.swift */; };
		C580AB9D24E91C6A00D09F09 /* AppDelegate.swift in Sources */ = {isa = PBXBuildFile; fileRef = C580AB9C24E91C6A00D09F09 /* AppDelegate.swift */; };
		C580AB9F24E91C6A00D09F09 /* SceneDelegate.swift in Sources */ = {isa = PBXBuildFile; fileRef = C580AB9E24E91C6A00D09F09 /* SceneDelegate.swift */; };
		C580ABA124E91C6A00D09F09 /* ConversationsViewController.swift in Sources */ = {isa = PBXBuildFile; fileRef = C580ABA024E91C6A00D09F09 /* ConversationsViewController.swift */; };
		C580ABA424E91C6A00D09F09 /* Main.storyboard in Resources */ = {isa = PBXBuildFile; fileRef = C580ABA224E91C6A00D09F09 /* Main.storyboard */; };
		C580ABA624E91C6C00D09F09 /* Assets.xcassets in Resources */ = {isa = PBXBuildFile; fileRef = C580ABA524E91C6C00D09F09 /* Assets.xcassets */; };
		C580ABA924E91C6C00D09F09 /* LaunchScreen.storyboard in Resources */ = {isa = PBXBuildFile; fileRef = C580ABA724E91C6C00D09F09 /* LaunchScreen.storyboard */; };
		C58677C724EB909E00A11E5C /* GoogleService-Info.plist in Resources */ = {isa = PBXBuildFile; fileRef = C58677C624EB909E00A11E5C /* GoogleService-Info.plist */; };
		C58677C924EB9E3F00A11E5C /* DatabaseManager.swift in Sources */ = {isa = PBXBuildFile; fileRef = C58677C824EB9E3F00A11E5C /* DatabaseManager.swift */; };
		C5F10CC624EA590E0031219A /* Extensions.swift in Sources */ = {isa = PBXBuildFile; fileRef = C5F10CC524EA590E0031219A /* Extensions.swift */; };
		C5F10CCB24EA6A5A0031219A /* Alata-Regular.ttf in Resources */ = {isa = PBXBuildFile; fileRef = C5F10CCA24EA6A5A0031219A /* Alata-Regular.ttf */; };
		CE03E42088413E62084EA5F2 /* Pods_MessChat.framework in Frameworks */ = {isa = PBXBuildFile; fileRef = 893DA01D8A53A5B78BC7918A /* Pods_MessChat.framework */; };
/* End PBXBuildFile section */

/* Begin PBXFileReference section */
		47C8E99B653EE6E4AEA1E118 /* Pods-MessChat.debug.xcconfig */ = {isa = PBXFileReference; includeInIndex = 1; lastKnownFileType = text.xcconfig; name = "Pods-MessChat.debug.xcconfig"; path = "Target Support Files/Pods-MessChat/Pods-MessChat.debug.xcconfig"; sourceTree = "<group>"; };
		4E330BD1C6A210B63E9CF42D /* Pods-MessChat.release.xcconfig */ = {isa = PBXFileReference; includeInIndex = 1; lastKnownFileType = text.xcconfig; name = "Pods-MessChat.release.xcconfig"; path = "Target Support Files/Pods-MessChat/Pods-MessChat.release.xcconfig"; sourceTree = "<group>"; };
		893DA01D8A53A5B78BC7918A /* Pods_MessChat.framework */ = {isa = PBXFileReference; explicitFileType = wrapper.framework; includeInIndex = 0; path = Pods_MessChat.framework; sourceTree = BUILT_PRODUCTS_DIR; };
		C512071024E9213D006DF487 /* LoginViewController.swift */ = {isa = PBXFileReference; lastKnownFileType = sourcecode.swift; path = LoginViewController.swift; sourceTree = "<group>"; };
		C512071324E92166006DF487 /* RegisterViewController.swift */ = {isa = PBXFileReference; lastKnownFileType = sourcecode.swift; path = RegisterViewController.swift; sourceTree = "<group>"; };
		C512071624E921A4006DF487 /* PhotoViewerViewController.swift */ = {isa = PBXFileReference; lastKnownFileType = sourcecode.swift; path = PhotoViewerViewController.swift; sourceTree = "<group>"; };
		C512071824E921BF006DF487 /* VideoPlayerViewController.swift */ = {isa = PBXFileReference; lastKnownFileType = sourcecode.swift; path = VideoPlayerViewController.swift; sourceTree = "<group>"; };
		C512071B24E921FB006DF487 /* NewConversationViewController.swift */ = {isa = PBXFileReference; lastKnownFileType = sourcecode.swift; path = NewConversationViewController.swift; sourceTree = "<group>"; };
		C512071D24E92235006DF487 /* ProfileViewController.swift */ = {isa = PBXFileReference; lastKnownFileType = sourcecode.swift; path = ProfileViewController.swift; sourceTree = "<group>"; };
		C580AB9924E91C6A00D09F09 /* MessChat.app */ = {isa = PBXFileReference; explicitFileType = wrapper.application; includeInIndex = 0; path = MessChat.app; sourceTree = BUILT_PRODUCTS_DIR; };
		C580AB9C24E91C6A00D09F09 /* AppDelegate.swift */ = {isa = PBXFileReference; lastKnownFileType = sourcecode.swift; path = AppDelegate.swift; sourceTree = "<group>"; };
		C580AB9E24E91C6A00D09F09 /* SceneDelegate.swift */ = {isa = PBXFileReference; lastKnownFileType = sourcecode.swift; path = SceneDelegate.swift; sourceTree = "<group>"; };
		C580ABA024E91C6A00D09F09 /* ConversationsViewController.swift */ = {isa = PBXFileReference; lastKnownFileType = sourcecode.swift; path = ConversationsViewController.swift; sourceTree = "<group>"; };
		C580ABA324E91C6A00D09F09 /* Base */ = {isa = PBXFileReference; lastKnownFileType = file.storyboard; name = Base; path = Base.lproj/Main.storyboard; sourceTree = "<group>"; };
		C580ABA524E91C6C00D09F09 /* Assets.xcassets */ = {isa = PBXFileReference; lastKnownFileType = folder.assetcatalog; path = Assets.xcassets; sourceTree = "<group>"; };
		C580ABA824E91C6C00D09F09 /* Base */ = {isa = PBXFileReference; lastKnownFileType = file.storyboard; name = Base; path = Base.lproj/LaunchScreen.storyboard; sourceTree = "<group>"; };
		C580ABAA24E91C6C00D09F09 /* Info.plist */ = {isa = PBXFileReference; lastKnownFileType = text.plist.xml; path = Info.plist; sourceTree = "<group>"; };
		C58677C624EB909E00A11E5C /* GoogleService-Info.plist */ = {isa = PBXFileReference; lastKnownFileType = text.plist; path = "GoogleService-Info.plist"; sourceTree = SOURCE_ROOT; };
		C58677C824EB9E3F00A11E5C /* DatabaseManager.swift */ = {isa = PBXFileReference; lastKnownFileType = sourcecode.swift; path = DatabaseManager.swift; sourceTree = "<group>"; };
		C5F10CC524EA590E0031219A /* Extensions.swift */ = {isa = PBXFileReference; lastKnownFileType = sourcecode.swift; path = Extensions.swift; sourceTree = "<group>"; };
		C5F10CCA24EA6A5A0031219A /* Alata-Regular.ttf */ = {isa = PBXFileReference; lastKnownFileType = file; path = "Alata-Regular.ttf"; sourceTree = "<group>"; };
/* End PBXFileReference section */

/* Begin PBXFrameworksBuildPhase section */
		C580AB9624E91C6A00D09F09 /* Frameworks */ = {
			isa = PBXFrameworksBuildPhase;
			buildActionMask = 2147483647;
			files = (
				CE03E42088413E62084EA5F2 /* Pods_MessChat.framework in Frameworks */,
			);
			runOnlyForDeploymentPostprocessing = 0;
		};
/* End PBXFrameworksBuildPhase section */

/* Begin PBXGroup section */
		A5A0EB3CB3439111AFA6DC86 /* Pods */ = {
			isa = PBXGroup;
			children = (
				47C8E99B653EE6E4AEA1E118 /* Pods-MessChat.debug.xcconfig */,
				4E330BD1C6A210B63E9CF42D /* Pods-MessChat.release.xcconfig */,
			);
			path = Pods;
			sourceTree = "<group>";
		};
		C512070824E91D99006DF487 /* Views */ = {
			isa = PBXGroup;
			children = (
				C5F10CC824EA6A450031219A /* Assets */,
				C512070E24E91DD5006DF487 /* Storyboards */,
			);
			path = Views;
			sourceTree = "<group>";
		};
		C512070B24E91DB0006DF487 /* Models */ = {
			isa = PBXGroup;
			children = (
			);
			path = Models;
			sourceTree = "<group>";
		};
		C512070C24E91DC2006DF487 /* ViewModels */ = {
			isa = PBXGroup;
			children = (
			);
			path = ViewModels;
			sourceTree = "<group>";
		};
		C512070D24E91DCC006DF487 /* Resources */ = {
			isa = PBXGroup;
			children = (
				C580AB9C24E91C6A00D09F09 /* AppDelegate.swift */,
				C580AB9E24E91C6A00D09F09 /* SceneDelegate.swift */,
				C5F10CC524EA590E0031219A /* Extensions.swift */,
				C58677C824EB9E3F00A11E5C /* DatabaseManager.swift */,
			);
			path = Resources;
			sourceTree = "<group>";
		};
		C512070E24E91DD5006DF487 /* Storyboards */ = {
			isa = PBXGroup;
			children = (
				C580ABA224E91C6A00D09F09 /* Main.storyboard */,
				C580ABA724E91C6C00D09F09 /* LaunchScreen.storyboard */,
			);
			path = Storyboards;
			sourceTree = "<group>";
		};
		C512070F24E91DE2006DF487 /* Controllers */ = {
			isa = PBXGroup;
			children = (
				C580ABA024E91C6A00D09F09 /* ConversationsViewController.swift */,
				C512071F24E9249D006DF487 /* Login */,
				C512071624E921A4006DF487 /* PhotoViewerViewController.swift */,
				C512071824E921BF006DF487 /* VideoPlayerViewController.swift */,
				C512071B24E921FB006DF487 /* NewConversationViewController.swift */,
				C512071D24E92235006DF487 /* ProfileViewController.swift */,
			);
			path = Controllers;
			sourceTree = "<group>";
		};
		C512071F24E9249D006DF487 /* Login */ = {
			isa = PBXGroup;
			children = (
				C512071024E9213D006DF487 /* LoginViewController.swift */,
				C512071324E92166006DF487 /* RegisterViewController.swift */,
			);
			path = Login;
			sourceTree = "<group>";
		};
		C580AB9024E91C6A00D09F09 = {
			isa = PBXGroup;
			children = (
				C580AB9B24E91C6A00D09F09 /* MessChat */,
				C580AB9A24E91C6A00D09F09 /* Products */,
				A5A0EB3CB3439111AFA6DC86 /* Pods */,
				C7294E9613D95885304C8171 /* Frameworks */,
			);
			sourceTree = "<group>";
		};
		C580AB9A24E91C6A00D09F09 /* Products */ = {
			isa = PBXGroup;
			children = (
				C580AB9924E91C6A00D09F09 /* MessChat.app */,
			);
			name = Products;
			sourceTree = "<group>";
		};
		C580AB9B24E91C6A00D09F09 /* MessChat */ = {
			isa = PBXGroup;
			children = (
				C58677C624EB909E00A11E5C /* GoogleService-Info.plist */,
				C512070D24E91DCC006DF487 /* Resources */,
				C512070C24E91DC2006DF487 /* ViewModels */,
				C512070B24E91DB0006DF487 /* Models */,
				C512070824E91D99006DF487 /* Views */,
				C512070F24E91DE2006DF487 /* Controllers */,
				C580ABAA24E91C6C00D09F09 /* Info.plist */,
			);
			path = MessChat;
			sourceTree = "<group>";
		};
		C5F10CC824EA6A450031219A /* Assets */ = {
			isa = PBXGroup;
			children = (
				C580ABA524E91C6C00D09F09 /* Assets.xcassets */,
				C5F10CC924EA6A5A0031219A /* Fonts */,
			);
			path = Assets;
			sourceTree = "<group>";
		};
		C5F10CC924EA6A5A0031219A /* Fonts */ = {
			isa = PBXGroup;
			children = (
				C5F10CCA24EA6A5A0031219A /* Alata-Regular.ttf */,
			);
			name = Fonts;
			path = "../../../../../Messenger-master/Messenger/mChat/Assets/Fonts";
			sourceTree = "<group>";
		};
		C7294E9613D95885304C8171 /* Frameworks */ = {
			isa = PBXGroup;
			children = (
				893DA01D8A53A5B78BC7918A /* Pods_MessChat.framework */,
			);
			name = Frameworks;
			sourceTree = "<group>";
		};
/* End PBXGroup section */

/* Begin PBXNativeTarget section */
		C580AB9824E91C6A00D09F09 /* MessChat */ = {
			isa = PBXNativeTarget;
			buildConfigurationList = C580ABAD24E91C6C00D09F09 /* Build configuration list for PBXNativeTarget "MessChat" */;
			buildPhases = (
				E8AD8B9AB3E1F93A2E09DF38 /* [CP] Check Pods Manifest.lock */,
				C580AB9524E91C6A00D09F09 /* Sources */,
				C580AB9624E91C6A00D09F09 /* Frameworks */,
				C580AB9724E91C6A00D09F09 /* Resources */,
				554CD38AA59BE048190AC1E4 /* [CP] Embed Pods Frameworks */,
			);
			buildRules = (
			);
			dependencies = (
			);
			name = MessChat;
			productName = MessChat;
			productReference = C580AB9924E91C6A00D09F09 /* MessChat.app */;
			productType = "com.apple.product-type.application";
		};
/* End PBXNativeTarget section */

/* Begin PBXProject section */
		C580AB9124E91C6A00D09F09 /* Project object */ = {
			isa = PBXProject;
			attributes = {
				LastSwiftUpdateCheck = 1160;
				LastUpgradeCheck = 1160;
				ORGANIZATIONNAME = "Gia Bảo";
				TargetAttributes = {
					C580AB9824E91C6A00D09F09 = {
						CreatedOnToolsVersion = 11.6;
					};
				};
			};
			buildConfigurationList = C580AB9424E91C6A00D09F09 /* Build configuration list for PBXProject "MessChat" */;
			compatibilityVersion = "Xcode 9.3";
			developmentRegion = en;
			hasScannedForEncodings = 0;
			knownRegions = (
				en,
				Base,
			);
			mainGroup = C580AB9024E91C6A00D09F09;
			productRefGroup = C580AB9A24E91C6A00D09F09 /* Products */;
			projectDirPath = "";
			projectRoot = "";
			targets = (
				C580AB9824E91C6A00D09F09 /* MessChat */,
			);
		};
/* End PBXProject section */

/* Begin PBXResourcesBuildPhase section */
		C580AB9724E91C6A00D09F09 /* Resources */ = {
			isa = PBXResourcesBuildPhase;
			buildActionMask = 2147483647;
			files = (
				C580ABA924E91C6C00D09F09 /* LaunchScreen.storyboard in Resources */,
				C580ABA624E91C6C00D09F09 /* Assets.xcassets in Resources */,
				C58677C724EB909E00A11E5C /* GoogleService-Info.plist in Resources */,
				C580ABA424E91C6A00D09F09 /* Main.storyboard in Resources */,
				C5F10CCB24EA6A5A0031219A /* Alata-Regular.ttf in Resources */,
			);
			runOnlyForDeploymentPostprocessing = 0;
		};
/* End PBXResourcesBuildPhase section */

/* Begin PBXShellScriptBuildPhase section */
		554CD38AA59BE048190AC1E4 /* [CP] Embed Pods Frameworks */ = {
			isa = PBXShellScriptBuildPhase;
			buildActionMask = 2147483647;
			files = (
			);
			inputFileListPaths = (
				"${PODS_ROOT}/Target Support Files/Pods-MessChat/Pods-MessChat-frameworks-${CONFIGURATION}-input-files.xcfilelist",
			);
			name = "[CP] Embed Pods Frameworks";
			outputFileListPaths = (
				"${PODS_ROOT}/Target Support Files/Pods-MessChat/Pods-MessChat-frameworks-${CONFIGURATION}-output-files.xcfilelist",
			);
			runOnlyForDeploymentPostprocessing = 0;
			shellPath = /bin/sh;
			shellScript = "\"${PODS_ROOT}/Target Support Files/Pods-MessChat/Pods-MessChat-frameworks.sh\"\n";
			showEnvVarsInLog = 0;
		};
		E8AD8B9AB3E1F93A2E09DF38 /* [CP] Check Pods Manifest.lock */ = {
			isa = PBXShellScriptBuildPhase;
			buildActionMask = 2147483647;
			files = (
			);
			inputFileListPaths = (
			);
			inputPaths = (
				"${PODS_PODFILE_DIR_PATH}/Podfile.lock",
				"${PODS_ROOT}/Manifest.lock",
			);
			name = "[CP] Check Pods Manifest.lock";
			outputFileListPaths = (
			);
			outputPaths = (
				"$(DERIVED_FILE_DIR)/Pods-MessChat-checkManifestLockResult.txt",
			);
			runOnlyForDeploymentPostprocessing = 0;
			shellPath = /bin/sh;
			shellScript = "diff \"${PODS_PODFILE_DIR_PATH}/Podfile.lock\" \"${PODS_ROOT}/Manifest.lock\" > /dev/null\nif [ $? != 0 ] ; then\n    # print error to STDERR\n    echo \"error: The sandbox is not in sync with the Podfile.lock. Run 'pod install' or update your CocoaPods installation.\" >&2\n    exit 1\nfi\n# This output is used by Xcode 'outputs' to avoid re-running this script phase.\necho \"SUCCESS\" > \"${SCRIPT_OUTPUT_FILE_0}\"\n";
			showEnvVarsInLog = 0;
		};
/* End PBXShellScriptBuildPhase section */

/* Begin PBXSourcesBuildPhase section */
		C580AB9524E91C6A00D09F09 /* Sources */ = {
			isa = PBXSourcesBuildPhase;
			buildActionMask = 2147483647;
			files = (
				C512071124E9213D006DF487 /* LoginViewController.swift in Sources */,
				C58677C924EB9E3F00A11E5C /* DatabaseManager.swift in Sources */,
				C512071424E92166006DF487 /* RegisterViewController.swift in Sources */,
				C512071C24E921FB006DF487 /* NewConversationViewController.swift in Sources */,
				C580ABA124E91C6A00D09F09 /* ConversationsViewController.swift in Sources */,
				C512071924E921BF006DF487 /* VideoPlayerViewController.swift in Sources */,
				C5F10CC624EA590E0031219A /* Extensions.swift in Sources */,
				C580AB9D24E91C6A00D09F09 /* AppDelegate.swift in Sources */,
				C512071E24E92235006DF487 /* ProfileViewController.swift in Sources */,
				C580AB9F24E91C6A00D09F09 /* SceneDelegate.swift in Sources */,
				C512071724E921A4006DF487 /* PhotoViewerViewController.swift in Sources */,
			);
			runOnlyForDeploymentPostprocessing = 0;
		};
/* End PBXSourcesBuildPhase section */

/* Begin PBXVariantGroup section */
		C580ABA224E91C6A00D09F09 /* Main.storyboard */ = {
			isa = PBXVariantGroup;
			children = (
				C580ABA324E91C6A00D09F09 /* Base */,
			);
			name = Main.storyboard;
			sourceTree = "<group>";
		};
		C580ABA724E91C6C00D09F09 /* LaunchScreen.storyboard */ = {
			isa = PBXVariantGroup;
			children = (
				C580ABA824E91C6C00D09F09 /* Base */,
			);
			name = LaunchScreen.storyboard;
			sourceTree = "<group>";
		};
/* End PBXVariantGroup section */

/* Begin XCBuildConfiguration section */
		C580ABAB24E91C6C00D09F09 /* Debug */ = {
			isa = XCBuildConfiguration;
			buildSettings = {
				ALWAYS_SEARCH_USER_PATHS = NO;
				CLANG_ANALYZER_NONNULL = YES;
				CLANG_ANALYZER_NUMBER_OBJECT_CONVERSION = YES_AGGRESSIVE;
				CLANG_CXX_LANGUAGE_STANDARD = "gnu++14";
				CLANG_CXX_LIBRARY = "libc++";
				CLANG_ENABLE_MODULES = YES;
				CLANG_ENABLE_OBJC_ARC = YES;
				CLANG_ENABLE_OBJC_WEAK = YES;
				CLANG_WARN_BLOCK_CAPTURE_AUTORELEASING = YES;
				CLANG_WARN_BOOL_CONVERSION = YES;
				CLANG_WARN_COMMA = YES;
				CLANG_WARN_CONSTANT_CONVERSION = YES;
				CLANG_WARN_DEPRECATED_OBJC_IMPLEMENTATIONS = YES;
				CLANG_WARN_DIRECT_OBJC_ISA_USAGE = YES_ERROR;
				CLANG_WARN_DOCUMENTATION_COMMENTS = YES;
				CLANG_WARN_EMPTY_BODY = YES;
				CLANG_WARN_ENUM_CONVERSION = YES;
				CLANG_WARN_INFINITE_RECURSION = YES;
				CLANG_WARN_INT_CONVERSION = YES;
				CLANG_WARN_NON_LITERAL_NULL_CONVERSION = YES;
				CLANG_WARN_OBJC_IMPLICIT_RETAIN_SELF = YES;
				CLANG_WARN_OBJC_LITERAL_CONVERSION = YES;
				CLANG_WARN_OBJC_ROOT_CLASS = YES_ERROR;
				CLANG_WARN_RANGE_LOOP_ANALYSIS = YES;
				CLANG_WARN_STRICT_PROTOTYPES = YES;
				CLANG_WARN_SUSPICIOUS_MOVE = YES;
				CLANG_WARN_UNGUARDED_AVAILABILITY = YES_AGGRESSIVE;
				CLANG_WARN_UNREACHABLE_CODE = YES;
				CLANG_WARN__DUPLICATE_METHOD_MATCH = YES;
				COPY_PHASE_STRIP = NO;
				DEBUG_INFORMATION_FORMAT = dwarf;
				ENABLE_STRICT_OBJC_MSGSEND = YES;
				ENABLE_TESTABILITY = YES;
				GCC_C_LANGUAGE_STANDARD = gnu11;
				GCC_DYNAMIC_NO_PIC = NO;
				GCC_NO_COMMON_BLOCKS = YES;
				GCC_OPTIMIZATION_LEVEL = 0;
				GCC_PREPROCESSOR_DEFINITIONS = (
					"DEBUG=1",
					"$(inherited)",
				);
				GCC_WARN_64_TO_32_BIT_CONVERSION = YES;
				GCC_WARN_ABOUT_RETURN_TYPE = YES_ERROR;
				GCC_WARN_UNDECLARED_SELECTOR = YES;
				GCC_WARN_UNINITIALIZED_AUTOS = YES_AGGRESSIVE;
				GCC_WARN_UNUSED_FUNCTION = YES;
				GCC_WARN_UNUSED_VARIABLE = YES;
				IPHONEOS_DEPLOYMENT_TARGET = 13.6;
				MTL_ENABLE_DEBUG_INFO = INCLUDE_SOURCE;
				MTL_FAST_MATH = YES;
				ONLY_ACTIVE_ARCH = YES;
				SDKROOT = iphoneos;
				SWIFT_ACTIVE_COMPILATION_CONDITIONS = DEBUG;
				SWIFT_OPTIMIZATION_LEVEL = "-Onone";
			};
			name = Debug;
		};
		C580ABAC24E91C6C00D09F09 /* Release */ = {
			isa = XCBuildConfiguration;
			buildSettings = {
				ALWAYS_SEARCH_USER_PATHS = NO;
				CLANG_ANALYZER_NONNULL = YES;
				CLANG_ANALYZER_NUMBER_OBJECT_CONVERSION = YES_AGGRESSIVE;
				CLANG_CXX_LANGUAGE_STANDARD = "gnu++14";
				CLANG_CXX_LIBRARY = "libc++";
				CLANG_ENABLE_MODULES = YES;
				CLANG_ENABLE_OBJC_ARC = YES;
				CLANG_ENABLE_OBJC_WEAK = YES;
				CLANG_WARN_BLOCK_CAPTURE_AUTORELEASING = YES;
				CLANG_WARN_BOOL_CONVERSION = YES;
				CLANG_WARN_COMMA = YES;
				CLANG_WARN_CONSTANT_CONVERSION = YES;
				CLANG_WARN_DEPRECATED_OBJC_IMPLEMENTATIONS = YES;
				CLANG_WARN_DIRECT_OBJC_ISA_USAGE = YES_ERROR;
				CLANG_WARN_DOCUMENTATION_COMMENTS = YES;
				CLANG_WARN_EMPTY_BODY = YES;
				CLANG_WARN_ENUM_CONVERSION = YES;
				CLANG_WARN_INFINITE_RECURSION = YES;
				CLANG_WARN_INT_CONVERSION = YES;
				CLANG_WARN_NON_LITERAL_NULL_CONVERSION = YES;
				CLANG_WARN_OBJC_IMPLICIT_RETAIN_SELF = YES;
				CLANG_WARN_OBJC_LITERAL_CONVERSION = YES;
				CLANG_WARN_OBJC_ROOT_CLASS = YES_ERROR;
				CLANG_WARN_RANGE_LOOP_ANALYSIS = YES;
				CLANG_WARN_STRICT_PROTOTYPES = YES;
				CLANG_WARN_SUSPICIOUS_MOVE = YES;
				CLANG_WARN_UNGUARDED_AVAILABILITY = YES_AGGRESSIVE;
				CLANG_WARN_UNREACHABLE_CODE = YES;
				CLANG_WARN__DUPLICATE_METHOD_MATCH = YES;
				COPY_PHASE_STRIP = NO;
				DEBUG_INFORMATION_FORMAT = "dwarf-with-dsym";
				ENABLE_NS_ASSERTIONS = NO;
				ENABLE_STRICT_OBJC_MSGSEND = YES;
				GCC_C_LANGUAGE_STANDARD = gnu11;
				GCC_NO_COMMON_BLOCKS = YES;
				GCC_WARN_64_TO_32_BIT_CONVERSION = YES;
				GCC_WARN_ABOUT_RETURN_TYPE = YES_ERROR;
				GCC_WARN_UNDECLARED_SELECTOR = YES;
				GCC_WARN_UNINITIALIZED_AUTOS = YES_AGGRESSIVE;
				GCC_WARN_UNUSED_FUNCTION = YES;
				GCC_WARN_UNUSED_VARIABLE = YES;
				IPHONEOS_DEPLOYMENT_TARGET = 13.6;
				MTL_ENABLE_DEBUG_INFO = NO;
				MTL_FAST_MATH = YES;
				SDKROOT = iphoneos;
				SWIFT_COMPILATION_MODE = wholemodule;
				SWIFT_OPTIMIZATION_LEVEL = "-O";
				VALIDATE_PRODUCT = YES;
			};
			name = Release;
		};
		C580ABAE24E91C6C00D09F09 /* Debug */ = {
			isa = XCBuildConfiguration;
			baseConfigurationReference = 47C8E99B653EE6E4AEA1E118 /* Pods-MessChat.debug.xcconfig */;
			buildSettings = {
				ASSETCATALOG_COMPILER_APPICON_NAME = AppIcon;
				CODE_SIGN_STYLE = Automatic;
				DEVELOPMENT_TEAM = X5YRN8MVRW;
				INFOPLIST_FILE = MessChat/Info.plist;
				IPHONEOS_DEPLOYMENT_TARGET = 13.6;
				LD_RUNPATH_SEARCH_PATHS = (
					"$(inherited)",
					"@executable_path/Frameworks",
				);
				PRODUCT_BUNDLE_IDENTIFIER = com.giabaophoto.MessChat;
				PRODUCT_NAME = "$(TARGET_NAME)";
				SWIFT_VERSION = 5.0;
				TARGETED_DEVICE_FAMILY = "1,2";
			};
			name = Debug;
		};
		C580ABAF24E91C6C00D09F09 /* Release */ = {
			isa = XCBuildConfiguration;
			baseConfigurationReference = 4E330BD1C6A210B63E9CF42D /* Pods-MessChat.release.xcconfig */;
			buildSettings = {
				ASSETCATALOG_COMPILER_APPICON_NAME = AppIcon;
				CODE_SIGN_STYLE = Automatic;
				DEVELOPMENT_TEAM = X5YRN8MVRW;
				INFOPLIST_FILE = MessChat/Info.plist;
				IPHONEOS_DEPLOYMENT_TARGET = 13.6;
				LD_RUNPATH_SEARCH_PATHS = (
					"$(inherited)",
					"@executable_path/Frameworks",
				);
				PRODUCT_BUNDLE_IDENTIFIER = com.giabaophoto.MessChat;
				PRODUCT_NAME = "$(TARGET_NAME)";
				SWIFT_VERSION = 5.0;
				TARGETED_DEVICE_FAMILY = "1,2";
			};
			name = Release;
		};
/* End XCBuildConfiguration section */

/* Begin XCConfigurationList section */
		C580AB9424E91C6A00D09F09 /* Build configuration list for PBXProject "MessChat" */ = {
			isa = XCConfigurationList;
			buildConfigurations = (
				C580ABAB24E91C6C00D09F09 /* Debug */,
				C580ABAC24E91C6C00D09F09 /* Release */,
			);
			defaultConfigurationIsVisible = 0;
			defaultConfigurationName = Release;
		};
		C580ABAD24E91C6C00D09F09 /* Build configuration list for PBXNativeTarget "MessChat" */ = {
			isa = XCConfigurationList;
			buildConfigurations = (
				C580ABAE24E91C6C00D09F09 /* Debug */,
				C580ABAF24E91C6C00D09F09 /* Release */,
			);
			defaultConfigurationIsVisible = 0;
			defaultConfigurationName = Release;
		};
/* End XCConfigurationList section */
	};
	rootObject = C580AB9124E91C6A00D09F09 /* Project object */;
}
